
Microsoft Visual Studio Solution File, Format Version 12.00
# Visual Studio Version 17
VisualStudioVersion = 17.13.35806.99
MinimumVisualStudioVersion = 10.0.40219.1
Project("{FAE04EC0-301F-11D3-BF4B-00C04F79EFBC}") = "sys_IATI", "sys_IATI\sys_IATI.csproj", "{06168E84-017D-4244-8521-5C5428E3B75D}"
EndProject
Global
	GlobalSection(SolutionConfigurationPlatforms) = preSolution
		Debug|Any CPU = Debug|Any CPU
		Release|Any CPU = Release|Any CPU
	EndGlobalSection
	GlobalSection(ProjectConfigurationPlatforms) = postSolution
		{06168E84-017D-4244-8521-5C5428E3B75D}.Debug|Any CPU.ActiveCfg = Debug|Any CPU
		{06168E84-017D-4244-8521-5C5428E3B75D}.Debug|Any CPU.Build.0 = Debug|Any CPU
		{06168E84-017D-4244-8521-5C5428E3B75D}.Release|Any CPU.ActiveCfg = Release|Any CPU
		{06168E84-017D-4244-8521-5C5428E3B75D}.Release|Any CPU.Build.0 = Release|Any CPU
	EndGlobalSection
	GlobalSection(SolutionProperties) = preSolution
		HideSolutionNode = FALSE
	EndGlobalSection
	GlobalSection(ExtensibilityGlobals) = postSolution
		SolutionGuid = {FE1F5850-1BCC-4E49-9AC6-3E072E1C8976}
	EndGlobalSection
EndGlobal
